lockfileVersion: '6.0'

settings:
  autoInstallPeers: true
  excludeLinksFromLockfile: false

devDependencies:
  '@seayoo-web/utils':
    specifier: ^1.12.5
    version: 1.12.5

packages:

  /@seayoo-web/utils@1.12.5:
    resolution: {integrity: sha512-13n0grDAgDHxfp+SWLe5LDaL23HQQsCBLeMot3jSSO/ow2NID3MHq/jRxrTM10nqjx8VNboGLzw3nNCrEraAIA==}
    dev: true
